
Microsoft Visual Studio Solution File, Format Version 12.00
Project("{2150E333-8FDC-42A3-9474-1A3956D46DE8}") = "metadata", ".\", "{F1A57014-71CE-4032-A652-01B7E35E14DB}"
	ProjectSection(SolutionItems) = preProject
		.gitignore = .gitignore
		README.md = README.md
		stylecop.json = stylecop.json
		stylecop.ruleset = stylecop.ruleset
		.travis.yml = .travis.yml
		appveyor.yml = appveyor.yml
	EndProjectSection
EndProject
Project("{2150E333-8FDC-42A3-9474-1A3956D46DE8}") = "docs", ".\docs", "{96E3AE84-1774-4086-8E07-3B9F842D16DC}"
	ProjectSection(SolutionItems) = preProject
		docs\index.md = docs\index.md
		docs\quickstart.md = docs\quickstart.md
		docs\supported_constructs.md = docs\supported_constructs.md
		docs\advanced_config.md = docs\advanced_config.md
		docs\complex_types.md = docs\complex_types.md
		docs\mixed_mode_classes.md = docs\mixed_mode_classes.md
		docs\library_scanning.md = docs\library_scanning.md
		docs\developer_docs.md = docs\developer_docs.md
	EndProjectSection
EndProject
Project("{2150E333-8FDC-42A3-9474-1A3956D46DE8}") = "scripts", ".\scripts", "{BB134437-F15D-42F6-B88C-46C7BA8FEFEB}"
	ProjectSection(SolutionItems) = preProject
		scripts\appveyor-coverage.bat = scripts\appveyor-coverage.bat
		scripts\travis-build.sh = scripts\travis-build.sh
		scripts\travis-coverage.sh = scripts\travis-coverage.sh
		scripts\travis-test.sh = scripts\travis-test.sh
	EndProjectSection
EndProject
Project("{FAE04EC0-301F-11D3-BF4B-00C04F79EFBC}") = "AdvancedDLSupport", "AdvancedDLSupport\AdvancedDLSupport.csproj", "{7EDC8F84-DF28-4C3C-AF56-F283B694218A}"
EndProject
Project("{FAE04EC0-301F-11D3-BF4B-00C04F79EFBC}") = "AdvancedDLSupport.Tests", "AdvancedDLSupport.Tests\AdvancedDLSupport.Tests.csproj", "{BA044617-6B99-4867-AE00-48076DEA38DC}"
EndProject
Project("{FAE04EC0-301F-11D3-BF4B-00C04F79EFBC}") = "Mono.DllMap", "Mono.DllMap\Mono.DllMap.csproj", "{C2223FB5-DC68-47D8-9460-8CD05DC0CFFF}"
EndProject
Project("{FAE04EC0-301F-11D3-BF4B-00C04F79EFBC}") = "Mono.DllMap.Tests", "Mono.DllMap.Tests\Mono.DllMap.Tests.csproj", "{BAAA6344-0DCF-4DC9-B422-572E8640F8EC}"
EndProject
Global
	GlobalSection(SolutionConfigurationPlatforms) = preSolution
		Debug|Any CPU = Debug|Any CPU
		Release|Any CPU = Release|Any CPU
	EndGlobalSection
	GlobalSection(ProjectConfigurationPlatforms) = postSolution
		{7EDC8F84-DF28-4C3C-AF56-F283B694218A}.Debug|Any CPU.ActiveCfg = Debug|Any CPU
		{7EDC8F84-DF28-4C3C-AF56-F283B694218A}.Debug|Any CPU.Build.0 = Debug|Any CPU
		{7EDC8F84-DF28-4C3C-AF56-F283B694218A}.Release|Any CPU.ActiveCfg = Release|Any CPU
		{7EDC8F84-DF28-4C3C-AF56-F283B694218A}.Release|Any CPU.Build.0 = Release|Any CPU
		{BA044617-6B99-4867-AE00-48076DEA38DC}.Debug|Any CPU.ActiveCfg = Debug|Any CPU
		{BA044617-6B99-4867-AE00-48076DEA38DC}.Debug|Any CPU.Build.0 = Debug|Any CPU
		{BA044617-6B99-4867-AE00-48076DEA38DC}.Release|Any CPU.ActiveCfg = Release|Any CPU
		{BA044617-6B99-4867-AE00-48076DEA38DC}.Release|Any CPU.Build.0 = Release|Any CPU
		{C2223FB5-DC68-47D8-9460-8CD05DC0CFFF}.Debug|Any CPU.ActiveCfg = Debug|Any CPU
		{C2223FB5-DC68-47D8-9460-8CD05DC0CFFF}.Debug|Any CPU.Build.0 = Debug|Any CPU
		{C2223FB5-DC68-47D8-9460-8CD05DC0CFFF}.Release|Any CPU.ActiveCfg = Release|Any CPU
		{C2223FB5-DC68-47D8-9460-8CD05DC0CFFF}.Release|Any CPU.Build.0 = Release|Any CPU
		{BAAA6344-0DCF-4DC9-B422-572E8640F8EC}.Debug|Any CPU.ActiveCfg = Debug|Any CPU
		{BAAA6344-0DCF-4DC9-B422-572E8640F8EC}.Debug|Any CPU.Build.0 = Debug|Any CPU
		{BAAA6344-0DCF-4DC9-B422-572E8640F8EC}.Release|Any CPU.ActiveCfg = Release|Any CPU
		{BAAA6344-0DCF-4DC9-B422-572E8640F8EC}.Release|Any CPU.Build.0 = Release|Any CPU
	EndGlobalSection
EndGlobal
